
Microsoft Visual Studio Solution File, Format Version 12.00
# Visual Studio Version 16
VisualStudioVersion = 16.0.28729.10
MinimumVisualStudioVersion = 10.0.40219.1
Project("{FAE04EC0-301F-11D3-BF4B-00C04F79EFBC}") = "test10", "test10\test10.csproj", "{389DD18E-6F30-4F97-A207-863B826296CE}"
EndProject
Global
	GlobalSection(SolutionConfigurationPlatforms) = preSolution
		Debug|Any CPU = Debug|Any CPU
		Release|Any CPU = Release|Any CPU
	EndGlobalSection
	GlobalSection(ProjectConfigurationPlatforms) = postSolution
		{389DD18E-6F30-4F97-A207-863B826296CE}.Debug|Any CPU.ActiveCfg = Debug|Any CPU
		{389DD18E-6F30-4F97-A207-863B826296CE}.Debug|Any CPU.Build.0 = Debug|Any CPU
		{389DD18E-6F30-4F97-A207-863B826296CE}.Release|Any CPU.ActiveCfg = Release|Any CPU
		{389DD18E-6F30-4F97-A207-863B826296CE}.Release|Any CPU.Build.0 = Release|Any CPU
	EndGlobalSection
	GlobalSection(SolutionProperties) = preSolution
		HideSolutionNode = FALSE
	EndGlobalSection
	GlobalSection(ExtensibilityGlobals) = postSolution
		SolutionGuid = {7EB41AD9-2409-43E4-83FC-02314AB726D8}
	EndGlobalSection
EndGlobal
